
Microsoft Visual Studio Solution File, Format Version 12.00
# Visual Studio Version 16
VisualStudioVersion = 16.0.30128.74
MinimumVisualStudioVersion = 10.0.40219.1
Project("{FAE04EC0-301F-11D3-BF4B-00C04F79EFBC}") = "Music Store", "Music Store\Music Store.csproj", "{410E6E0D-7668-48BB-A9EB-5CC3EBF7FC43}"
EndProject
Global
	GlobalSection(SolutionConfigurationPlatforms) = preSolution
		Debug|Any CPU = Debug|Any CPU
		Release|Any CPU = Release|Any CPU
	EndGlobalSection
	GlobalSection(ProjectConfigurationPlatforms) = postSolution
		{410E6E0D-7668-48BB-A9EB-5CC3EBF7FC43}.Debug|Any CPU.ActiveCfg = Debug|Any CPU
		{410E6E0D-7668-48BB-A9EB-5CC3EBF7FC43}.Debug|Any CPU.Build.0 = Debug|Any CPU
		{410E6E0D-7668-48BB-A9EB-5CC3EBF7FC43}.Release|Any CPU.ActiveCfg = Release|Any CPU
		{410E6E0D-7668-48BB-A9EB-5CC3EBF7FC43}.Release|Any CPU.Build.0 = Release|Any CPU
	EndGlobalSection
	GlobalSection(SolutionProperties) = preSolution
		HideSolutionNode = FALSE
	EndGlobalSection
	GlobalSection(ExtensibilityGlobals) = postSolution
		SolutionGuid = {F50B00C4-3633-4AE3-90DB-0E968B746D7C}
	EndGlobalSection
EndGlobal
